// !$*UTF8*$!
{
	archiveVersion = 1;
	classes = {
	};
	objectVersion = 50;
	objects = {

/* Begin PBXBuildFile section */
		3DB2BE661AE745ECF3CF4859 /* Pods_BetwayROWUITests.framework in Frameworks */ = {isa = PBXBuildFile; fileRef = C8DB31194D44BC4B543CD408 /* Pods_BetwayROWUITests.framework */; };
		B1B2A8732B052625B4EB4BFD /* Pods_BetwayROW.framework in Frameworks */ = {isa = PBXBuildFile; fileRef = 1FE9316158316474758E06F2 /* Pods_BetwayROW.framework */; };
		C0C03657B9EA417B62230AB6 /* Pods_BetwayROWTests.framework in Frameworks */ = {isa = PBXBuildFile; fileRef = A0F089FCEC3E8186CC982D78 /* Pods_BetwayROWTests.framework */; };
		CE5B4CE2250F911500E7C0B4 /* LoginViewController.swift in Sources */ = {isa = PBXBuildFile; fileRef = CE5B4CDF250F911500E7C0B4 /* LoginViewController.swift */; };
		CE5C03392510BA830014F0FF /* Layout.swift in Sources */ = {isa = PBXBuildFile; fileRef = CE5C03382510BA830014F0FF /* Layout.swift */; };
		CE661F29251212730019C7FA /* LoginHeaderView.swift in Sources */ = {isa = PBXBuildFile; fileRef = CE661F28251212730019C7FA /* LoginHeaderView.swift */; };
		CE7BFEA8250BA3B8009CDCDF /* Colour.swift in Sources */ = {isa = PBXBuildFile; fileRef = CE7BFEA7250BA3B8009CDCDF /* Colour.swift */; };
		CE7BFEAD250BA486009CDCDF /* Localization.strings in Resources */ = {isa = PBXBuildFile; fileRef = CE7BFEAC250BA486009CDCDF /* Localization.strings */; };
		CE7BFEB1250BA80E009CDCDF /* Localizable.swift in Sources */ = {isa = PBXBuildFile; fileRef = CE7BFEB0250BA80E009CDCDF /* Localizable.swift */; };
		D85AC4CD2512354C0086D478 /* Constraint+Overload.swift in Sources */ = {isa = PBXBuildFile; fileRef = D85AC4CC2512354C0086D478 /* Constraint+Overload.swift */; };
		D85AC4CF25124C830086D478 /* LoginFormView.swift in Sources */ = {isa = PBXBuildFile; fileRef = D85AC4CE25124C830086D478 /* LoginFormView.swift */; };
		D85AC4D425125D190086D478 /* TextFieldType.swift in Sources */ = {isa = PBXBuildFile; fileRef = D85AC4D325125D190086D478 /* TextFieldType.swift */; };
		D8A0C036251386DA00227E74 /* UIViewController+Extension.swift in Sources */ = {isa = PBXBuildFile; fileRef = D8A0C035251386DA00227E74 /* UIViewController+Extension.swift */; };
		D8A0D4BF2514947F008ACBE9 /* UIStackView+Extension.swift in Sources */ = {isa = PBXBuildFile; fileRef = D8A0D4BE2514947F008ACBE9 /* UIStackView+Extension.swift */; };
		D8A0D4C72514B46E008ACBE9 /* UILabel+Extension.swift in Sources */ = {isa = PBXBuildFile; fileRef = D8A0D4C62514B46E008ACBE9 /* UILabel+Extension.swift */; };
		D8A0D4DA2514E66C008ACBE9 /* UITextField+Extension.swift in Sources */ = {isa = PBXBuildFile; fileRef = D8A0D4D92514E66C008ACBE9 /* UITextField+Extension.swift */; };
		D8A0D4E025187F57008ACBE9 /* AlertController.swift in Sources */ = {isa = PBXBuildFile; fileRef = D8A0D4DF25187F57008ACBE9 /* AlertController.swift */; };
		D8A0D4E525187F7D008ACBE9 /* AlertView.swift in Sources */ = {isa = PBXBuildFile; fileRef = D8A0D4E425187F7D008ACBE9 /* AlertView.swift */; };
		D8A0D4EA25187FDF008ACBE9 /* AlertAction.swift in Sources */ = {isa = PBXBuildFile; fileRef = D8A0D4E925187FDF008ACBE9 /* AlertAction.swift */; };
		D8A0D4F52518A890008ACBE9 /* UIImage+Extension.swift in Sources */ = {isa = PBXBuildFile; fileRef = D8A0D4F42518A890008ACBE9 /* UIImage+Extension.swift */; };
		D8A0D5052518CF34008ACBE9 /* CGFloat+Extension.swift in Sources */ = {isa = PBXBuildFile; fileRef = D8A0D5042518CF34008ACBE9 /* CGFloat+Extension.swift */; };
		D8BD726B2514898300F837B0 /* UIColor+Extension.swift in Sources */ = {isa = PBXBuildFile; fileRef = D8BD726A2514898300F837B0 /* UIColor+Extension.swift */; };
		D8C0C40D2513F0BB006DE4D0 /* APIOption.swift in Sources */ = {isa = PBXBuildFile; fileRef = D8C0C40C2513F0BB006DE4D0 /* APIOption.swift */; };
		D8C0C4282513F271006DE4D0 /* File.swift in Sources */ = {isa = PBXBuildFile; fileRef = D8C0C4272513F271006DE4D0 /* File.swift */; };
		D8D21F362512252400AA307B /* ConfigurationConstant.swift in Sources */ = {isa = PBXBuildFile; fileRef = D8D21F272512252300AA307B /* ConfigurationConstant.swift */; };
		D8D21F372512252400AA307B /* GamingSystemsConstant.swift in Sources */ = {isa = PBXBuildFile; fileRef = D8D21F282512252300AA307B /* GamingSystemsConstant.swift */; };
		D8D21F382512252400AA307B /* ApplicationConstant.swift in Sources */ = {isa = PBXBuildFile; fileRef = D8D21F292512252300AA307B /* ApplicationConstant.swift */; };
		D8D21F392512252400AA307B /* Navigation.swift in Sources */ = {isa = PBXBuildFile; fileRef = D8D21F2B2512252400AA307B /* Navigation.swift */; };
		D8D21F3A2512252400AA307B /* MobileApplication.swift in Sources */ = {isa = PBXBuildFile; fileRef = D8D21F2C2512252400AA307B /* MobileApplication.swift */; };
		D8D21F3B2512252400AA307B /* Variables.swift in Sources */ = {isa = PBXBuildFile; fileRef = D8D21F2D2512252400AA307B /* Variables.swift */; };
		D8D21F3C2512252400AA307B /* Request.swift in Sources */ = {isa = PBXBuildFile; fileRef = D8D21F2E2512252400AA307B /* Request.swift */; };
		D8D21F3D2512252400AA307B /* Configuration.swift in Sources */ = {isa = PBXBuildFile; fileRef = D8D21F2F2512252400AA307B /* Configuration.swift */; };
		D8D21F3E2512252400AA307B /* SiteMap.swift in Sources */ = {isa = PBXBuildFile; fileRef = D8D21F302512252400AA307B /* SiteMap.swift */; };
		D8D21F3F2512252400AA307B /* SiteMapClient.swift in Sources */ = {isa = PBXBuildFile; fileRef = D8D21F322512252400AA307B /* SiteMapClient.swift */; };
		D8D21F402512252400AA307B /* ConfigurationClient.swift in Sources */ = {isa = PBXBuildFile; fileRef = D8D21F332512252400AA307B /* ConfigurationClient.swift */; };
		D8D21F412512252400AA307B /* Application+Extension.swift in Sources */ = {isa = PBXBuildFile; fileRef = D8D21F352512252400AA307B /* Application+Extension.swift */; };
		D8D21F432512254500AA307B /* BaseViewController.swift in Sources */ = {isa = PBXBuildFile; fileRef = D8D21F422512254500AA307B /* BaseViewController.swift */; };
		D8D21F462512255300AA307B /* BaseViewModel.swift in Sources */ = {isa = PBXBuildFile; fileRef = D8D21F452512255300AA307B /* BaseViewModel.swift */; };
		D8D21F48251225C000AA307B /* APIResponseProtocol.swift in Sources */ = {isa = PBXBuildFile; fileRef = D8D21F47251225C000AA307B /* APIResponseProtocol.swift */; };
		D8D21F4C251225D300AA307B /* NetworkProcess.swift in Sources */ = {isa = PBXBuildFile; fileRef = D8D21F49251225D200AA307B /* NetworkProcess.swift */; };
		D8D21F4D251225D300AA307B /* Result.swift in Sources */ = {isa = PBXBuildFile; fileRef = D8D21F4A251225D300AA307B /* Result.swift */; };
		D8D21F4E251225D300AA307B /* ProcessMonitoring.swift in Sources */ = {isa = PBXBuildFile; fileRef = D8D21F4B251225D300AA307B /* ProcessMonitoring.swift */; };
		D8D21F50251225E300AA307B /* NetworkProcessing.swift in Sources */ = {isa = PBXBuildFile; fileRef = D8D21F4F251225E300AA307B /* NetworkProcessing.swift */; };
		D8D21F52251225F500AA307B /* Observable.swift in Sources */ = {isa = PBXBuildFile; fileRef = D8D21F51251225F500AA307B /* Observable.swift */; };
		D8D21F662512264500AA307B /* ErrorCoordinator.swift in Sources */ = {isa = PBXBuildFile; fileRef = D8D21F542512264500AA307B /* ErrorCoordinator.swift */; };
		D8D21F672512264500AA307B /* Defaults.swift in Sources */ = {isa = PBXBuildFile; fileRef = D8D21F562512264500AA307B /* Defaults.swift */; };
		D8D21F692512264600AA307B /* TextField.swift in Sources */ = {isa = PBXBuildFile; fileRef = D8D21F592512264500AA307B /* TextField.swift */; };
		D8D21F6B2512264600AA307B /* ActivityIndicatorView.swift in Sources */ = {isa = PBXBuildFile; fileRef = D8D21F5B2512264500AA307B /* ActivityIndicatorView.swift */; };
		D8D21F6C2512264600AA307B /* Button.swift in Sources */ = {isa = PBXBuildFile; fileRef = D8D21F5C2512264500AA307B /* Button.swift */; };
		D8D21F6D2512264600AA307B /* BaseView.swift in Sources */ = {isa = PBXBuildFile; fileRef = D8D21F5D2512264500AA307B /* BaseView.swift */; };
		D8D21F6E2512264600AA307B /* UIAlertController+Extension.swift in Sources */ = {isa = PBXBuildFile; fileRef = D8D21F5F2512264500AA307B /* UIAlertController+Extension.swift */; };
		D8D21F6F2512264600AA307B /* UIView+Extension.swift in Sources */ = {isa = PBXBuildFile; fileRef = D8D21F602512264500AA307B /* UIView+Extension.swift */; };
		D8D21F702512264600AA307B /* NSLayoutConstraint+Extension.swift in Sources */ = {isa = PBXBuildFile; fileRef = D8D21F612512264500AA307B /* NSLayoutConstraint+Extension.swift */; };
		D8D21F712512264600AA307B /* NetworkActivity.swift in Sources */ = {isa = PBXBuildFile; fileRef = D8D21F632512264500AA307B /* NetworkActivity.swift */; };
		D8D21F722512264600AA307B /* NetworkActivityAware.swift in Sources */ = {isa = PBXBuildFile; fileRef = D8D21F652512264500AA307B /* NetworkActivityAware.swift */; };
		D8D21F74251226FE00AA307B /* Application.swift in Sources */ = {isa = PBXBuildFile; fileRef = D8D21F73251226FE00AA307B /* Application.swift */; };
		D8D21F822512309F00AA307B /* StringsFile.swift in Sources */ = {isa = PBXBuildFile; fileRef = D8D21F812512309F00AA307B /* StringsFile.swift */; };
		D8D21F85251231BD00AA307B /* AuthenticationConstant.swift in Sources */ = {isa = PBXBuildFile; fileRef = D8D21F84251231BD00AA307B /* AuthenticationConstant.swift */; };
		D8D21F87251232DC00AA307B /* Image.swift in Sources */ = {isa = PBXBuildFile; fileRef = D8D21F86251232DC00AA307B /* Image.swift */; };
		D8D96E91250A4A4800B0F26B /* AppDelegate.swift in Sources */ = {isa = PBXBuildFile; fileRef = D8D96E90250A4A4800B0F26B /* AppDelegate.swift */; };
		D8D96E93250A4A4800B0F26B /* SceneDelegate.swift in Sources */ = {isa = PBXBuildFile; fileRef = D8D96E92250A4A4800B0F26B /* SceneDelegate.swift */; };
		D8D96E97250A4A4C00B0F26B /* Assets.xcassets in Resources */ = {isa = PBXBuildFile; fileRef = D8D96E96250A4A4C00B0F26B /* Assets.xcassets */; };
		D8D96E9A250A4A4C00B0F26B /* Preview Assets.xcassets in Resources */ = {isa = PBXBuildFile; fileRef = D8D96E99250A4A4C00B0F26B /* Preview Assets.xcassets */; };
		D8D96EA8250A4A4D00B0F26B /* BetwayROWTests.swift in Sources */ = {isa = PBXBuildFile; fileRef = D8D96EA7250A4A4D00B0F26B /* BetwayROWTests.swift */; };
		D8D96EB3250A4A4D00B0F26B /* BetwayROWUITests.swift in Sources */ = {isa = PBXBuildFile; fileRef = D8D96EB2250A4A4D00B0F26B /* BetwayROWUITests.swift */; };
		D8D96EE5250A4F3300B0F26B /* UIApplication+Extension.swift in Sources */ = {isa = PBXBuildFile; fileRef = D8D96EC7250A4F3200B0F26B /* UIApplication+Extension.swift */; };
		D8D96EE6250A4F3300B0F26B /* URLSessionConfiguration+Extension.swift in Sources */ = {isa = PBXBuildFile; fileRef = D8D96EC8250A4F3200B0F26B /* URLSessionConfiguration+Extension.swift */; };
		D8D96EE7250A4F3300B0F26B /* Error+Extension.swift in Sources */ = {isa = PBXBuildFile; fileRef = D8D96EC9250A4F3200B0F26B /* Error+Extension.swift */; };
		D8D96EE8250A4F3300B0F26B /* String+Extension.swift in Sources */ = {isa = PBXBuildFile; fileRef = D8D96ECA250A4F3200B0F26B /* String+Extension.swift */; };
		D8D96EE9250A4F3300B0F26B /* URLRequest+Extension.swift in Sources */ = {isa = PBXBuildFile; fileRef = D8D96ECB250A4F3200B0F26B /* URLRequest+Extension.swift */; };
		D8D96EEA250A4F3300B0F26B /* Dictionary+Extension.swift in Sources */ = {isa = PBXBuildFile; fileRef = D8D96ECC250A4F3200B0F26B /* Dictionary+Extension.swift */; };
		D8D96EEB250A4F3300B0F26B /* Data+Extension.swift in Sources */ = {isa = PBXBuildFile; fileRef = D8D96ECD250A4F3200B0F26B /* Data+Extension.swift */; };
		D8D96EEC250A4F3300B0F26B /* APIClient.swift in Sources */ = {isa = PBXBuildFile; fileRef = D8D96ECF250A4F3200B0F26B /* APIClient.swift */; };
		D8D96EED250A4F3300B0F26B /* APIClientProtocol.swift in Sources */ = {isa = PBXBuildFile; fileRef = D8D96ED1250A4F3200B0F26B /* APIClientProtocol.swift */; };
		D8D96EEE250A4F3300B0F26B /* FailureType.swift in Sources */ = {isa = PBXBuildFile; fileRef = D8D96ED2250A4F3200B0F26B /* FailureType.swift */; };
		D8D96EEF250A4F3300B0F26B /* Failure.swift in Sources */ = {isa = PBXBuildFile; fileRef = D8D96ED4250A4F3200B0F26B /* Failure.swift */; };
		D8D96EF0250A4F3300B0F26B /* HTTPMethod.swift in Sources */ = {isa = PBXBuildFile; fileRef = D8D96ED5250A4F3200B0F26B /* HTTPMethod.swift */; };
		D8D96EF1250A4F3300B0F26B /* FailureReason.swift in Sources */ = {isa = PBXBuildFile; fileRef = D8D96ED6250A4F3200B0F26B /* FailureReason.swift */; };
		D8D96EF3250A4F3300B0F26B /* APIError.swift in Sources */ = {isa = PBXBuildFile; fileRef = D8D96ED9250A4F3200B0F26B /* APIError.swift */; };
		D8D96EF4250A4F3300B0F26B /* APIFieldError.swift in Sources */ = {isa = PBXBuildFile; fileRef = D8D96EDA250A4F3200B0F26B /* APIFieldError.swift */; };
		D8D96EF5250A4F3300B0F26B /* DebugLog.swift in Sources */ = {isa = PBXBuildFile; fileRef = D8D96EDC250A4F3200B0F26B /* DebugLog.swift */; };
		D8D96EF6250A4F3300B0F26B /* Alias.swift in Sources */ = {isa = PBXBuildFile; fileRef = D8D96EDE250A4F3200B0F26B /* Alias.swift */; };
		D8D96EF7250A4F3300B0F26B /* Constant.swift in Sources */ = {isa = PBXBuildFile; fileRef = D8D96EE0250A4F3200B0F26B /* Constant.swift */; };
		D8D96EF8250A4F3300B0F26B /* Message.swift in Sources */ = {isa = PBXBuildFile; fileRef = D8D96EE1250A4F3200B0F26B /* Message.swift */; };
		D8D96EF9250A4F3300B0F26B /* UIMessage.swift in Sources */ = {isa = PBXBuildFile; fileRef = D8D96EE2250A4F3200B0F26B /* UIMessage.swift */; };
		D8D96EFA250A4F3300B0F26B /* API.swift in Sources */ = {isa = PBXBuildFile; fileRef = D8D96EE4250A4F3300B0F26B /* API.swift */; };
		D8D96EFF250A517900B0F26B /* Main.storyboard in Resources */ = {isa = PBXBuildFile; fileRef = D8D96EFE250A517900B0F26B /* Main.storyboard */; };
		D8D96F02250A524500B0F26B /* MainViewController.swift in Sources */ = {isa = PBXBuildFile; fileRef = D8D96F01250A524500B0F26B /* MainViewController.swift */; };
		D8D96F09250A828200B0F26B /* LaunchScreen.storyboard in Resources */ = {isa = PBXBuildFile; fileRef = D8D96F08250A828200B0F26B /* LaunchScreen.storyboard */; };
/* End PBXBuildFile section */

/* Begin PBXContainerItemProxy section */
		D8D96EA4250A4A4D00B0F26B /* PBXContainerItemProxy */ = {
			isa = PBXContainerItemProxy;
			containerPortal = D8D96E85250A4A4800B0F26B /* Project object */;
			proxyType = 1;
			remoteGlobalIDString = D8D96E8C250A4A4800B0F26B;
			remoteInfo = BetwayROW;
		};
		D8D96EAF250A4A4D00B0F26B /* PBXContainerItemProxy */ = {
			isa = PBXContainerItemProxy;
			containerPortal = D8D96E85250A4A4800B0F26B /* Project object */;
			proxyType = 1;
			remoteGlobalIDString = D8D96E8C250A4A4800B0F26B;
			remoteInfo = BetwayROW;
		};
/* End PBXContainerItemProxy section */

/* Begin PBXFileReference section */
		1FE9316158316474758E06F2 /* Pods_BetwayROW.framework */ = {isa = PBXFileReference; explicitFileType = wrapper.framework; includeInIndex = 0; path = Pods_BetwayROW.framework; sourceTree = BUILT_PRODUCTS_DIR; };
		72995B6E967E6692B8D309BA /* Pods-BetwayROW.release.xcconfig */ = {isa = PBXFileReference; includeInIndex = 1; lastKnownFileType = text.xcconfig; name = "Pods-BetwayROW.release.xcconfig"; path = "Target Support Files/Pods-BetwayROW/Pods-BetwayROW.release.xcconfig"; sourceTree = "<group>"; };
		8D5E14B29DC287A373B62E02 /* Pods-BetwayROWUITests.debug.xcconfig */ = {isa = PBXFileReference; includeInIndex = 1; lastKnownFileType = text.xcconfig; name = "Pods-BetwayROWUITests.debug.xcconfig"; path = "Target Support Files/Pods-BetwayROWUITests/Pods-BetwayROWUITests.debug.xcconfig"; sourceTree = "<group>"; };
		987D3A62E2C2B53004FAE6F2 /* Pods-BetwayROWTests.release.xcconfig */ = {isa = PBXFileReference; includeInIndex = 1; lastKnownFileType = text.xcconfig; name = "Pods-BetwayROWTests.release.xcconfig"; path = "Target Support Files/Pods-BetwayROWTests/Pods-BetwayROWTests.release.xcconfig"; sourceTree = "<group>"; };
		9A1500DBC99F75CCA021A225 /* Pods-BetwayROW.debug.xcconfig */ = {isa = PBXFileReference; includeInIndex = 1; lastKnownFileType = text.xcconfig; name = "Pods-BetwayROW.debug.xcconfig"; path = "Target Support Files/Pods-BetwayROW/Pods-BetwayROW.debug.xcconfig"; sourceTree = "<group>"; };
		A0F089FCEC3E8186CC982D78 /* Pods_BetwayROWTests.framework */ = {isa = PBXFileReference; explicitFileType = wrapper.framework; includeInIndex = 0; path = Pods_BetwayROWTests.framework; sourceTree = BUILT_PRODUCTS_DIR; };
		C8DB31194D44BC4B543CD408 /* Pods_BetwayROWUITests.framework */ = {isa = PBXFileReference; explicitFileType = wrapper.framework; includeInIndex = 0; path = Pods_BetwayROWUITests.framework; sourceTree = BUILT_PRODUCTS_DIR; };
		CE5B4CDF250F911500E7C0B4 /* LoginViewController.swift */ = {isa = PBXFileReference; fileEncoding = 4; lastKnownFileType = sourcecode.swift; path = LoginViewController.swift; sourceTree = "<group>"; };
		CE5C03382510BA830014F0FF /* Layout.swift */ = {isa = PBXFileReference; lastKnownFileType = sourcecode.swift; path = Layout.swift; sourceTree = "<group>"; };
		CE661F28251212730019C7FA /* LoginHeaderView.swift */ = {isa = PBXFileReference; lastKnownFileType = sourcecode.swift; path = LoginHeaderView.swift; sourceTree = "<group>"; };
		CE7BFEA7250BA3B8009CDCDF /* Colour.swift */ = {isa = PBXFileReference; lastKnownFileType = sourcecode.swift; path = Colour.swift; sourceTree = "<group>"; };
		CE7BFEAC250BA486009CDCDF /* Localization.strings */ = {isa = PBXFileReference; lastKnownFileType = text.plist.strings; path = Localization.strings; sourceTree = "<group>"; };
		CE7BFEB0250BA80E009CDCDF /* Localizable.swift */ = {isa = PBXFileReference; lastKnownFileType = sourcecode.swift; path = Localizable.swift; sourceTree = "<group>"; };
		D85AC4CC2512354C0086D478 /* Constraint+Overload.swift */ = {isa = PBXFileReference; lastKnownFileType = sourcecode.swift; path = "Constraint+Overload.swift"; sourceTree = "<group>"; };
		D85AC4CE25124C830086D478 /* LoginFormView.swift */ = {isa = PBXFileReference; lastKnownFileType = sourcecode.swift; path = LoginFormView.swift; sourceTree = "<group>"; };
		D85AC4D325125D190086D478 /* TextFieldType.swift */ = {isa = PBXFileReference; lastKnownFileType = sourcecode.swift; path = TextFieldType.swift; sourceTree = "<group>"; };
		D8A0C035251386DA00227E74 /* UIViewController+Extension.swift */ = {isa = PBXFileReference; lastKnownFileType = sourcecode.swift; path = "UIViewController+Extension.swift"; sourceTree = "<group>"; };
		D8A0D4BE2514947F008ACBE9 /* UIStackView+Extension.swift */ = {isa = PBXFileReference; lastKnownFileType = sourcecode.swift; path = "UIStackView+Extension.swift"; sourceTree = "<group>"; };
		D8A0D4C62514B46E008ACBE9 /* UILabel+Extension.swift */ = {isa = PBXFileReference; lastKnownFileType = sourcecode.swift; path = "UILabel+Extension.swift"; sourceTree = "<group>"; };
		D8A0D4D92514E66C008ACBE9 /* UITextField+Extension.swift */ = {isa = PBXFileReference; lastKnownFileType = sourcecode.swift; path = "UITextField+Extension.swift"; sourceTree = "<group>"; };
		D8A0D4DF25187F57008ACBE9 /* AlertController.swift */ = {isa = PBXFileReference; lastKnownFileType = sourcecode.swift; path = AlertController.swift; sourceTree = "<group>"; };
		D8A0D4E425187F7D008ACBE9 /* AlertView.swift */ = {isa = PBXFileReference; lastKnownFileType = sourcecode.swift; path = AlertView.swift; sourceTree = "<group>"; };
		D8A0D4E925187FDF008ACBE9 /* AlertAction.swift */ = {isa = PBXFileReference; lastKnownFileType = sourcecode.swift; path = AlertAction.swift; sourceTree = "<group>"; };
		D8A0D4F42518A890008ACBE9 /* UIImage+Extension.swift */ = {isa = PBXFileReference; lastKnownFileType = sourcecode.swift; path = "UIImage+Extension.swift"; sourceTree = "<group>"; };
		D8A0D5042518CF34008ACBE9 /* CGFloat+Extension.swift */ = {isa = PBXFileReference; lastKnownFileType = sourcecode.swift; path = "CGFloat+Extension.swift"; sourceTree = "<group>"; };
		D8BD726A2514898300F837B0 /* UIColor+Extension.swift */ = {isa = PBXFileReference; lastKnownFileType = sourcecode.swift; path = "UIColor+Extension.swift"; sourceTree = "<group>"; };
		D8C0C40C2513F0BB006DE4D0 /* APIOption.swift */ = {isa = PBXFileReference; fileEncoding = 4; lastKnownFileType = sourcecode.swift; path = APIOption.swift; sourceTree = "<group>"; };
		D8C0C4272513F271006DE4D0 /* File.swift */ = {isa = PBXFileReference; fileEncoding = 4; lastKnownFileType = sourcecode.swift; path = File.swift; sourceTree = "<group>"; };
		D8D21F272512252300AA307B /* ConfigurationConstant.swift */ = {isa = PBXFileReference; fileEncoding = 4; lastKnownFileType = sourcecode.swift; path = ConfigurationConstant.swift; sourceTree = "<group>"; };
		D8D21F282512252300AA307B /* GamingSystemsConstant.swift */ = {isa = PBXFileReference; fileEncoding = 4; lastKnownFileType = sourcecode.swift; path = GamingSystemsConstant.swift; sourceTree = "<group>"; };
		D8D21F292512252300AA307B /* ApplicationConstant.swift */ = {isa = PBXFileReference; fileEncoding = 4; lastKnownFileType = sourcecode.swift; path = ApplicationConstant.swift; sourceTree = "<group>"; };
		D8D21F2B2512252400AA307B /* Navigation.swift */ = {isa = PBXFileReference; fileEncoding = 4; lastKnownFileType = sourcecode.swift; path = Navigation.swift; sourceTree = "<group>"; };
		D8D21F2C2512252400AA307B /* MobileApplication.swift */ = {isa = PBXFileReference; fileEncoding = 4; lastKnownFileType = sourcecode.swift; path = MobileApplication.swift; sourceTree = "<group>"; };
		D8D21F2D2512252400AA307B /* Variables.swift */ = {isa = PBXFileReference; fileEncoding = 4; lastKnownFileType = sourcecode.swift; path = Variables.swift; sourceTree = "<group>"; };
		D8D21F2E2512252400AA307B /* Request.swift */ = {isa = PBXFileReference; fileEncoding = 4; lastKnownFileType = sourcecode.swift; path = Request.swift; sourceTree = "<group>"; };
		D8D21F2F2512252400AA307B /* Configuration.swift */ = {isa = PBXFileReference; fileEncoding = 4; lastKnownFileType = sourcecode.swift; path = Configuration.swift; sourceTree = "<group>"; };
		D8D21F302512252400AA307B /* SiteMap.swift */ = {isa = PBXFileReference; fileEncoding = 4; lastKnownFileType = sourcecode.swift; path = SiteMap.swift; sourceTree = "<group>"; };
		D8D21F322512252400AA307B /* SiteMapClient.swift */ = {isa = PBXFileReference; fileEncoding = 4; lastKnownFileType = sourcecode.swift; path = SiteMapClient.swift; sourceTree = "<group>"; };
		D8D21F332512252400AA307B /* ConfigurationClient.swift */ = {isa = PBXFileReference; fileEncoding = 4; lastKnownFileType = sourcecode.swift; path = ConfigurationClient.swift; sourceTree = "<group>"; };
		D8D21F352512252400AA307B /* Application+Extension.swift */ = {isa = PBXFileReference; fileEncoding = 4; lastKnownFileType = sourcecode.swift; path = "Application+Extension.swift"; sourceTree = "<group>"; };
		D8D21F422512254500AA307B /* BaseViewController.swift */ = {isa = PBXFileReference; fileEncoding = 4; lastKnownFileType = sourcecode.swift; path = BaseViewController.swift; sourceTree = "<group>"; };
		D8D21F452512255300AA307B /* BaseViewModel.swift */ = {isa = PBXFileReference; fileEncoding = 4; lastKnownFileType = sourcecode.swift; path = BaseViewModel.swift; sourceTree = "<group>"; };
		D8D21F47251225C000AA307B /* APIResponseProtocol.swift */ = {isa = PBXFileReference; fileEncoding = 4; lastKnownFileType = sourcecode.swift; path = APIResponseProtocol.swift; sourceTree = "<group>"; };
		D8D21F49251225D200AA307B /* NetworkProcess.swift */ = {isa = PBXFileReference; fileEncoding = 4; lastKnownFileType = sourcecode.swift; path = NetworkProcess.swift; sourceTree = "<group>"; };
		D8D21F4A251225D300AA307B /* Result.swift */ = {isa = PBXFileReference; fileEncoding = 4; lastKnownFileType = sourcecode.swift; path = Result.swift; sourceTree = "<group>"; };
		D8D21F4B251225D300AA307B /* ProcessMonitoring.swift */ = {isa = PBXFileReference; fileEncoding = 4; lastKnownFileType = sourcecode.swift; path = ProcessMonitoring.swift; sourceTree = "<group>"; };
		D8D21F4F251225E300AA307B /* NetworkProcessing.swift */ = {isa = PBXFileReference; fileEncoding = 4; lastKnownFileType = sourcecode.swift; path = NetworkProcessing.swift; sourceTree = "<group>"; };
		D8D21F51251225F500AA307B /* Observable.swift */ = {isa = PBXFileReference; fileEncoding = 4; lastKnownFileType = sourcecode.swift; path = Observable.swift; sourceTree = "<group>"; };
		D8D21F542512264500AA307B /* ErrorCoordinator.swift */ = {isa = PBXFileReference; fileEncoding = 4; lastKnownFileType = sourcecode.swift; path = ErrorCoordinator.swift; sourceTree = "<group>"; };
		D8D21F562512264500AA307B /* Defaults.swift */ = {isa = PBXFileReference; fileEncoding = 4; lastKnownFileType = sourcecode.swift; path = Defaults.swift; sourceTree = "<group>"; };
		D8D21F592512264500AA307B /* TextField.swift */ = {isa = PBXFileReference; fileEncoding = 4; lastKnownFileType = sourcecode.swift; path = TextField.swift; sourceTree = "<group>"; };
		D8D21F5B2512264500AA307B /* ActivityIndicatorView.swift */ = {isa = PBXFileReference; fileEncoding = 4; lastKnownFileType = sourcecode.swift; path = ActivityIndicatorView.swift; sourceTree = "<group>"; };
		D8D21F5C2512264500AA307B /* Button.swift */ = {isa = PBXFileReference; fileEncoding = 4; lastKnownFileType = sourcecode.swift; path = Button.swift; sourceTree = "<group>"; };
		D8D21F5D2512264500AA307B /* BaseView.swift */ = {isa = PBXFileReference; fileEncoding = 4; lastKnownFileType = sourcecode.swift; path = BaseView.swift; sourceTree = "<group>"; };
		D8D21F5F2512264500AA307B /* UIAlertController+Extension.swift */ = {isa = PBXFileReference; fileEncoding = 4; lastKnownFileType = sourcecode.swift; path = "UIAlertController+Extension.swift"; sourceTree = "<group>"; };
		D8D21F602512264500AA307B /* UIView+Extension.swift */ = {isa = PBXFileReference; fileEncoding = 4; lastKnownFileType = sourcecode.swift; path = "UIView+Extension.swift"; sourceTree = "<group>"; };
		D8D21F612512264500AA307B /* NSLayoutConstraint+Extension.swift */ = {isa = PBXFileReference; fileEncoding = 4; lastKnownFileType = sourcecode.swift; path = "NSLayoutConstraint+Extension.swift"; sourceTree = "<group>"; };
		D8D21F632512264500AA307B /* NetworkActivity.swift */ = {isa = PBXFileReference; fileEncoding = 4; lastKnownFileType = sourcecode.swift; path = NetworkActivity.swift; sourceTree = "<group>"; };
		D8D21F652512264500AA307B /* NetworkActivityAware.swift */ = {isa = PBXFileReference; fileEncoding = 4; lastKnownFileType = sourcecode.swift; path = NetworkActivityAware.swift; sourceTree = "<group>"; };
		D8D21F73251226FE00AA307B /* Application.swift */ = {isa = PBXFileReference; fileEncoding = 4; lastKnownFileType = sourcecode.swift; path = Application.swift; sourceTree = "<group>"; };
		D8D21F812512309F00AA307B /* StringsFile.swift */ = {isa = PBXFileReference; lastKnownFileType = sourcecode.swift; path = StringsFile.swift; sourceTree = "<group>"; };
		D8D21F84251231BD00AA307B /* AuthenticationConstant.swift */ = {isa = PBXFileReference; lastKnownFileType = sourcecode.swift; path = AuthenticationConstant.swift; sourceTree = "<group>"; };
		D8D21F86251232DC00AA307B /* Image.swift */ = {isa = PBXFileReference; lastKnownFileType = sourcecode.swift; path = Image.swift; sourceTree = "<group>"; };
		D8D96E8D250A4A4800B0F26B /* BetwayROW.app */ = {isa = PBXFileReference; explicitFileType = wrapper.application; includeInIndex = 0; path = BetwayROW.app; sourceTree = BUILT_PRODUCTS_DIR; };
		D8D96E90250A4A4800B0F26B /* AppDelegate.swift */ = {isa = PBXFileReference; lastKnownFileType = sourcecode.swift; name = AppDelegate.swift; path = ../AppDelegate.swift; sourceTree = "<group>"; };
		D8D96E92250A4A4800B0F26B /* SceneDelegate.swift */ = {isa = PBXFileReference; lastKnownFileType = sourcecode.swift; name = SceneDelegate.swift; path = ../SceneDelegate.swift; sourceTree = "<group>"; };
		D8D96E96250A4A4C00B0F26B /* Assets.xcassets */ = {isa = PBXFileReference; lastKnownFileType = folder.assetcatalog; path = Assets.xcassets; sourceTree = "<group>"; };
		D8D96E99250A4A4C00B0F26B /* Preview Assets.xcassets */ = {isa = PBXFileReference; lastKnownFileType = folder.assetcatalog; path = "Preview Assets.xcassets"; sourceTree = "<group>"; };
		D8D96E9E250A4A4C00B0F26B /* Info.plist */ = {isa = PBXFileReference; lastKnownFileType = text.plist.xml; path = Info.plist; sourceTree = "<group>"; };
		D8D96EA3250A4A4D00B0F26B /* BetwayROWTests.xctest */ = {isa = PBXFileReference; explicitFileType = wrapper.cfbundle; includeInIndex = 0; path = BetwayROWTests.xctest; sourceTree = BUILT_PRODUCTS_DIR; };
		D8D96EA7250A4A4D00B0F26B /* BetwayROWTests.swift */ = {isa = PBXFileReference; lastKnownFileType = sourcecode.swift; path = BetwayROWTests.swift; sourceTree = "<group>"; };
		D8D96EA9250A4A4D00B0F26B /* Info.plist */ = {isa = PBXFileReference; lastKnownFileType = text.plist.xml; path = Info.plist; sourceTree = "<group>"; };
		D8D96EAE250A4A4D00B0F26B /* BetwayROWUITests.xctest */ = {isa = PBXFileReference; explicitFileType = wrapper.cfbundle; includeInIndex = 0; path = BetwayROWUITests.xctest; sourceTree = BUILT_PRODUCTS_DIR; };
		D8D96EB2250A4A4D00B0F26B /* BetwayROWUITests.swift */ = {isa = PBXFileReference; lastKnownFileType = sourcecode.swift; path = BetwayROWUITests.swift; sourceTree = "<group>"; };
		D8D96EB4250A4A4D00B0F26B /* Info.plist */ = {isa = PBXFileReference; lastKnownFileType = text.plist.xml; path = Info.plist; sourceTree = "<group>"; };
		D8D96EC7250A4F3200B0F26B /* UIApplication+Extension.swift */ = {isa = PBXFileReference; fileEncoding = 4; lastKnownFileType = sourcecode.swift; path = "UIApplication+Extension.swift"; sourceTree = "<group>"; };
		D8D96EC8250A4F3200B0F26B /* URLSessionConfiguration+Extension.swift */ = {isa = PBXFileReference; fileEncoding = 4; lastKnownFileType = sourcecode.swift; path = "URLSessionConfiguration+Extension.swift"; sourceTree = "<group>"; };
		D8D96EC9250A4F3200B0F26B /* Error+Extension.swift */ = {isa = PBXFileReference; fileEncoding = 4; lastKnownFileType = sourcecode.swift; path = "Error+Extension.swift"; sourceTree = "<group>"; };
		D8D96ECA250A4F3200B0F26B /* String+Extension.swift */ = {isa = PBXFileReference; fileEncoding = 4; lastKnownFileType = sourcecode.swift; path = "String+Extension.swift"; sourceTree = "<group>"; };
		D8D96ECB250A4F3200B0F26B /* URLRequest+Extension.swift */ = {isa = PBXFileReference; fileEncoding = 4; lastKnownFileType = sourcecode.swift; path = "URLRequest+Extension.swift"; sourceTree = "<group>"; };
		D8D96ECC250A4F3200B0F26B /* Dictionary+Extension.swift */ = {isa = PBXFileReference; fileEncoding = 4; lastKnownFileType = sourcecode.swift; path = "Dictionary+Extension.swift"; sourceTree = "<group>"; };
		D8D96ECD250A4F3200B0F26B /* Data+Extension.swift */ = {isa = PBXFileReference; fileEncoding = 4; lastKnownFileType = sourcecode.swift; path = "Data+Extension.swift"; sourceTree = "<group>"; };
		D8D96ECF250A4F3200B0F26B /* APIClient.swift */ = {isa = PBXFileReference; fileEncoding = 4; lastKnownFileType = sourcecode.swift; path = APIClient.swift; sourceTree = "<group>"; };
		D8D96ED1250A4F3200B0F26B /* APIClientProtocol.swift */ = {isa = PBXFileReference; fileEncoding = 4; lastKnownFileType = sourcecode.swift; path = APIClientProtocol.swift; sourceTree = "<group>"; };
		D8D96ED2250A4F3200B0F26B /* FailureType.swift */ = {isa = PBXFileReference; fileEncoding = 4; lastKnownFileType = sourcecode.swift; path = FailureType.swift; sourceTree = "<group>"; };
		D8D96ED4250A4F3200B0F26B /* Failure.swift */ = {isa = PBXFileReference; fileEncoding = 4; lastKnownFileType = sourcecode.swift; path = Failure.swift; sourceTree = "<group>"; };
		D8D96ED5250A4F3200B0F26B /* HTTPMethod.swift */ = {isa = PBXFileReference; fileEncoding = 4; lastKnownFileType = sourcecode.swift; path = HTTPMethod.swift; sourceTree = "<group>"; };
		D8D96ED6250A4F3200B0F26B /* FailureReason.swift */ = {isa = PBXFileReference; fileEncoding = 4; lastKnownFileType = sourcecode.swift; path = FailureReason.swift; sourceTree = "<group>"; };
		D8D96ED7250A4F3200B0F26B /* APIOption.swift */ = {isa = PBXFileReference; fileEncoding = 4; lastKnownFileType = sourcecode.swift; path = APIOption.swift; sourceTree = "<group>"; };
		D8D96ED9250A4F3200B0F26B /* APIError.swift */ = {isa = PBXFileReference; fileEncoding = 4; lastKnownFileType = sourcecode.swift; path = APIError.swift; sourceTree = "<group>"; };
		D8D96EDA250A4F3200B0F26B /* APIFieldError.swift */ = {isa = PBXFileReference; fileEncoding = 4; lastKnownFileType = sourcecode.swift; path = APIFieldError.swift; sourceTree = "<group>"; };
		D8D96EDC250A4F3200B0F26B /* DebugLog.swift */ = {isa = PBXFileReference; fileEncoding = 4; lastKnownFileType = sourcecode.swift; path = DebugLog.swift; sourceTree = "<group>"; };
		D8D96EDE250A4F3200B0F26B /* Alias.swift */ = {isa = PBXFileReference; fileEncoding = 4; lastKnownFileType = sourcecode.swift; path = Alias.swift; sourceTree = "<group>"; };
		D8D96EE0250A4F3200B0F26B /* Constant.swift */ = {isa = PBXFileReference; fileEncoding = 4; lastKnownFileType = sourcecode.swift; path = Constant.swift; sourceTree = "<group>"; };
		D8D96EE1250A4F3200B0F26B /* Message.swift */ = {isa = PBXFileReference; fileEncoding = 4; lastKnownFileType = sourcecode.swift; path = Message.swift; sourceTree = "<group>"; };
		D8D96EE2250A4F3200B0F26B /* UIMessage.swift */ = {isa = PBXFileReference; fileEncoding = 4; lastKnownFileType = sourcecode.swift; path = UIMessage.swift; sourceTree = "<group>"; };
		D8D96EE4250A4F3300B0F26B /* API.swift */ = {isa = PBXFileReference; fileEncoding = 4; lastKnownFileType = sourcecode.swift; path = API.swift; sourceTree = "<group>"; };
		D8D96EFE250A517900B0F26B /* Main.storyboard */ = {isa = PBXFileReference; lastKnownFileType = file.storyboard; path = Main.storyboard; sourceTree = "<group>"; };
		D8D96F01250A524500B0F26B /* MainViewController.swift */ = {isa = PBXFileReference; lastKnownFileType = sourcecode.swift; path = MainViewController.swift; sourceTree = "<group>"; };
		D8D96F08250A828200B0F26B /* LaunchScreen.storyboard */ = {isa = PBXFileReference; lastKnownFileType = file.storyboard; path = LaunchScreen.storyboard; sourceTree = "<group>"; };
		ED15D35005A3D902F8FAADD4 /* Pods-BetwayROWTests.debug.xcconfig */ = {isa = PBXFileReference; includeInIndex = 1; lastKnownFileType = text.xcconfig; name = "Pods-BetwayROWTests.debug.xcconfig"; path = "Target Support Files/Pods-BetwayROWTests/Pods-BetwayROWTests.debug.xcconfig"; sourceTree = "<group>"; };
		ED3EFE6AEBF2F95DD3597A67 /* Pods-BetwayROWUITests.release.xcconfig */ = {isa = PBXFileReference; includeInIndex = 1; lastKnownFileType = text.xcconfig; name = "Pods-BetwayROWUITests.release.xcconfig"; path = "Target Support Files/Pods-BetwayROWUITests/Pods-BetwayROWUITests.release.xcconfig"; sourceTree = "<group>"; };
/* End PBXFileReference section */

/* Begin PBXFrameworksBuildPhase section */
		D8D96E8A250A4A4800B0F26B /* Frameworks */ = {
			isa = PBXFrameworksBuildPhase;
			buildActionMask = 2147483647;
			files = (
				B1B2A8732B052625B4EB4BFD /* Pods_BetwayROW.framework in Frameworks */,
			);
			runOnlyForDeploymentPostprocessing = 0;
		};
		D8D96EA0250A4A4D00B0F26B /* Frameworks */ = {
			isa = PBXFrameworksBuildPhase;
			buildActionMask = 2147483647;
			files = (
				C0C03657B9EA417B62230AB6 /* Pods_BetwayROWTests.framework in Frameworks */,
			);
			runOnlyForDeploymentPostprocessing = 0;
		};
		D8D96EAB250A4A4D00B0F26B /* Frameworks */ = {
			isa = PBXFrameworksBuildPhase;
			buildActionMask = 2147483647;
			files = (
				3DB2BE661AE745ECF3CF4859 /* Pods_BetwayROWUITests.framework in Frameworks */,
			);
			runOnlyForDeploymentPostprocessing = 0;
		};
/* End PBXFrameworksBuildPhase section */

/* Begin PBXGroup section */
		430B7A1DC8657D18A16403A0 /* Frameworks */ = {
			isa = PBXGroup;
			children = (
				1FE9316158316474758E06F2 /* Pods_BetwayROW.framework */,
				A0F089FCEC3E8186CC982D78 /* Pods_BetwayROWTests.framework */,
				C8DB31194D44BC4B543CD408 /* Pods_BetwayROWUITests.framework */,
			);
			name = Frameworks;
			sourceTree = "<group>";
		};
		C32452FBD72C9638AF391435 /* Pods */ = {
			isa = PBXGroup;
			children = (
				9A1500DBC99F75CCA021A225 /* Pods-BetwayROW.debug.xcconfig */,
				72995B6E967E6692B8D309BA /* Pods-BetwayROW.release.xcconfig */,
				ED15D35005A3D902F8FAADD4 /* Pods-BetwayROWTests.debug.xcconfig */,
				987D3A62E2C2B53004FAE6F2 /* Pods-BetwayROWTests.release.xcconfig */,
				8D5E14B29DC287A373B62E02 /* Pods-BetwayROWUITests.debug.xcconfig */,
				ED3EFE6AEBF2F95DD3597A67 /* Pods-BetwayROWUITests.release.xcconfig */,
			);
			path = Pods;
			sourceTree = "<group>";
		};
		CE5B4CD8250F911500E7C0B4 /* Feature */ = {
			isa = PBXGroup;
			children = (
				CE5B4CD9250F911500E7C0B4 /* Authentication */,
			);
			path = Feature;
			sourceTree = "<group>";
		};
		CE5B4CD9250F911500E7C0B4 /* Authentication */ = {
			isa = PBXGroup;
			children = (
				D8D21F83251231A900AA307B /* Constant */,
				CE5B4CDD250F911500E7C0B4 /* Login */,
			);
			path = Authentication;
			sourceTree = "<group>";
		};
		CE5B4CDD250F911500E7C0B4 /* Login */ = {
			isa = PBXGroup;
			children = (
				D8D21F7C25122CB600AA307B /* View */,
			);
			path = Login;
			sourceTree = "<group>";
		};
		CE7BFEA4250BA37B009CDCDF /* UIKit */ = {
			isa = PBXGroup;
			children = (
				D85AC4D0251254E60086D478 /* Type */,
				D8D21F73251226FE00AA307B /* Application.swift */,
				CE7BFEA7250BA3B8009CDCDF /* Colour.swift */,
				D8D21F86251232DC00AA307B /* Image.swift */,
				D8D21F572512264500AA307B /* Component */,
				D8D21F552512264500AA307B /* Constant */,
				D8D21F532512264500AA307B /* Error */,
				D8D21F5E2512264500AA307B /* Extension */,
				D8D21F622512264500AA307B /* Network */,
				D85AC4CB2512350C0086D478 /* Overload */,
			);
			path = UIKit;
			sourceTree = "<group>";
		};
		CE7BFEAB250BA473009CDCDF /* Localization */ = {
			isa = PBXGroup;
			children = (
				D8D21F802512308100AA307B /* Protocol */,
				D8D21F7F2512307800AA307B /* Type */,
				CE7BFEAC250BA486009CDCDF /* Localization.strings */,
				CE7BFEB0250BA80E009CDCDF /* Localizable.swift */,
			);
			path = Localization;
			sourceTree = "<group>";
		};
		D85AC4CB2512350C0086D478 /* Overload */ = {
			isa = PBXGroup;
			children = (
				D85AC4CC2512354C0086D478 /* Constraint+Overload.swift */,
			);
			path = Overload;
			sourceTree = "<group>";
		};
		D85AC4D0251254E60086D478 /* Type */ = {
			isa = PBXGroup;
			children = (
				CE5C03382510BA830014F0FF /* Layout.swift */,
				D85AC4D325125D190086D478 /* TextFieldType.swift */,
			);
			path = Type;
			sourceTree = "<group>";
		};
		D8A0C034251385B800227E74 /* Recovered References */ = {
			isa = PBXGroup;
			children = (
				D8D96ED7250A4F3200B0F26B /* APIOption.swift */,
			);
			name = "Recovered References";
			sourceTree = "<group>";
		};
		D8A0D4DE25187F24008ACBE9 /* AlertController */ = {
			isa = PBXGroup;
			children = (
				D8A0D4DF25187F57008ACBE9 /* AlertController.swift */,
				D8A0D4E425187F7D008ACBE9 /* AlertView.swift */,
				D8A0D4E925187FDF008ACBE9 /* AlertAction.swift */,
			);
			path = AlertController;
			sourceTree = "<group>";
		};
		D8C0C4262513F271006DE4D0 /* Scrapbook */ = {
			isa = PBXGroup;
			children = (
				D8C0C4272513F271006DE4D0 /* File.swift */,
			);
			path = Scrapbook;
			sourceTree = "<group>";
		};
		D8D21F262512252300AA307B /* Constant */ = {
			isa = PBXGroup;
			children = (
				D8D21F272512252300AA307B /* ConfigurationConstant.swift */,
				D8D21F282512252300AA307B /* GamingSystemsConstant.swift */,
				D8D21F292512252300AA307B /* ApplicationConstant.swift */,
			);
			path = Constant;
			sourceTree = "<group>";
		};
		D8D21F2A2512252400AA307B /* Model */ = {
			isa = PBXGroup;
			children = (
				D8D21F2B2512252400AA307B /* Navigation.swift */,
				D8D21F2C2512252400AA307B /* MobileApplication.swift */,
				D8D21F2D2512252400AA307B /* Variables.swift */,
				D8D21F2E2512252400AA307B /* Request.swift */,
				D8D21F2F2512252400AA307B /* Configuration.swift */,
				D8D21F302512252400AA307B /* SiteMap.swift */,
			);
			path = Model;
			sourceTree = "<group>";
		};
		D8D21F312512252400AA307B /* Networking */ = {
			isa = PBXGroup;
			children = (
				D8D21F322512252400AA307B /* SiteMapClient.swift */,
				D8D21F332512252400AA307B /* ConfigurationClient.swift */,
			);
			path = Networking;
			sourceTree = "<group>";
		};
		D8D21F342512252400AA307B /* Extension */ = {
			isa = PBXGroup;
			children = (
				D8D21F352512252400AA307B /* Application+Extension.swift */,
			);
			path = Extension;
			sourceTree = "<group>";
		};
		D8D21F442512255300AA307B /* Model */ = {
			isa = PBXGroup;
			children = (
				D8D21F452512255300AA307B /* BaseViewModel.swift */,
			);
			path = Model;
			sourceTree = "<group>";
		};
		D8D21F532512264500AA307B /* Error */ = {
			isa = PBXGroup;
			children = (
				D8D21F542512264500AA307B /* ErrorCoordinator.swift */,
			);
			path = Error;
			sourceTree = "<group>";
		};
		D8D21F552512264500AA307B /* Constant */ = {
			isa = PBXGroup;
			children = (
				D8D21F562512264500AA307B /* Defaults.swift */,
			);
			path = Constant;
			sourceTree = "<group>";
		};
		D8D21F572512264500AA307B /* Component */ = {
			isa = PBXGroup;
			children = (
				D8A0D4DE25187F24008ACBE9 /* AlertController */,
				D8D21F5B2512264500AA307B /* ActivityIndicatorView.swift */,
				D8D21F5D2512264500AA307B /* BaseView.swift */,
				D8D21F5C2512264500AA307B /* Button.swift */,
				D8D21F592512264500AA307B /* TextField.swift */,
			);
			path = Component;
			sourceTree = "<group>";
		};
		D8D21F5E2512264500AA307B /* Extension */ = {
			isa = PBXGroup;
			children = (
				D8D21F5F2512264500AA307B /* UIAlertController+Extension.swift */,
				D8D21F602512264500AA307B /* UIView+Extension.swift */,
				D8D21F612512264500AA307B /* NSLayoutConstraint+Extension.swift */,
				D8A0C035251386DA00227E74 /* UIViewController+Extension.swift */,
				D8BD726A2514898300F837B0 /* UIColor+Extension.swift */,
				D8A0D4BE2514947F008ACBE9 /* UIStackView+Extension.swift */,
				D8A0D4C62514B46E008ACBE9 /* UILabel+Extension.swift */,
				D8A0D4D92514E66C008ACBE9 /* UITextField+Extension.swift */,
				D8A0D4F42518A890008ACBE9 /* UIImage+Extension.swift */,
				D8A0D5042518CF34008ACBE9 /* CGFloat+Extension.swift */,
			);
			path = Extension;
			sourceTree = "<group>";
		};
		D8D21F622512264500AA307B /* Network */ = {
			isa = PBXGroup;
			children = (
				D8D21F632512264500AA307B /* NetworkActivity.swift */,
				D8D21F642512264500AA307B /* Protocol */,
			);
			path = Network;
			sourceTree = "<group>";
		};
		D8D21F642512264500AA307B /* Protocol */ = {
			isa = PBXGroup;
			children = (
				D8D21F652512264500AA307B /* NetworkActivityAware.swift */,
			);
			path = Protocol;
			sourceTree = "<group>";
		};
		D8D21F7C25122CB600AA307B /* View */ = {
			isa = PBXGroup;
			children = (
				D8D21F7E25122CDC00AA307B /* Component */,
				D8D21F7D25122CBD00AA307B /* Controller */,
			);
			path = View;
			sourceTree = "<group>";
		};
		D8D21F7D25122CBD00AA307B /* Controller */ = {
			isa = PBXGroup;
			children = (
				CE5B4CDF250F911500E7C0B4 /* LoginViewController.swift */,
			);
			path = Controller;
			sourceTree = "<group>";
		};
		D8D21F7E25122CDC00AA307B /* Component */ = {
			isa = PBXGroup;
			children = (
				CE661F28251212730019C7FA /* LoginHeaderView.swift */,
				D85AC4CE25124C830086D478 /* LoginFormView.swift */,
			);
			path = Component;
			sourceTree = "<group>";
		};
		D8D21F7F2512307800AA307B /* Type */ = {
			isa = PBXGroup;
			children = (
			);
			path = Type;
			sourceTree = "<group>";
		};
		D8D21F802512308100AA307B /* Protocol */ = {
			isa = PBXGroup;
			children = (
				D8D21F812512309F00AA307B /* StringsFile.swift */,
			);
			path = Protocol;
			sourceTree = "<group>";
		};
		D8D21F83251231A900AA307B /* Constant */ = {
			isa = PBXGroup;
			children = (
				D8D21F84251231BD00AA307B /* AuthenticationConstant.swift */,
			);
			path = Constant;
			sourceTree = "<group>";
		};
		D8D96E84250A4A4800B0F26B = {
			isa = PBXGroup;
			children = (
				D8D96E8F250A4A4800B0F26B /* BetwayROW */,
				D8D96EA6250A4A4D00B0F26B /* BetwayROWTests */,
				D8D96EB1250A4A4D00B0F26B /* BetwayROWUITests */,
				D8D96E8E250A4A4800B0F26B /* Products */,
				C32452FBD72C9638AF391435 /* Pods */,
				430B7A1DC8657D18A16403A0 /* Frameworks */,
				D8A0C034251385B800227E74 /* Recovered References */,
			);
			sourceTree = "<group>";
		};
		D8D96E8E250A4A4800B0F26B /* Products */ = {
			isa = PBXGroup;
			children = (
				D8D96E8D250A4A4800B0F26B /* BetwayROW.app */,
				D8D96EA3250A4A4D00B0F26B /* BetwayROWTests.xctest */,
				D8D96EAE250A4A4D00B0F26B /* BetwayROWUITests.xctest */,
			);
			name = Products;
			sourceTree = "<group>";
		};
		D8D96E8F250A4A4800B0F26B /* BetwayROW */ = {
			isa = PBXGroup;
			children = (
				D8C0C4262513F271006DE4D0 /* Scrapbook */,
				D8D96E9E250A4A4C00B0F26B /* Info.plist */,
				D8D96E96250A4A4C00B0F26B /* Assets.xcassets */,
				D8D96EFB250A514F00B0F26B /* Base */,
				D8D96EC3250A4F3200B0F26B /* DevelopmentKit */,
				CE5B4CD8250F911500E7C0B4 /* Feature */,
				D8D96E98250A4A4C00B0F26B /* Preview Content */,
			);
			path = BetwayROW;
			sourceTree = "<group>";
		};
		D8D96E98250A4A4C00B0F26B /* Preview Content */ = {
			isa = PBXGroup;
			children = (
				D8D96E99250A4A4C00B0F26B /* Preview Assets.xcassets */,
			);
			path = "Preview Content";
			sourceTree = "<group>";
		};
		D8D96EA6250A4A4D00B0F26B /* BetwayROWTests */ = {
			isa = PBXGroup;
			children = (
				D8D96EA7250A4A4D00B0F26B /* BetwayROWTests.swift */,
				D8D96EA9250A4A4D00B0F26B /* Info.plist */,
			);
			path = BetwayROWTests;
			sourceTree = "<group>";
		};
		D8D96EB1250A4A4D00B0F26B /* BetwayROWUITests */ = {
			isa = PBXGroup;
			children = (
				D8D96EB2250A4A4D00B0F26B /* BetwayROWUITests.swift */,
				D8D96EB4250A4A4D00B0F26B /* Info.plist */,
			);
			path = BetwayROWUITests;
			sourceTree = "<group>";
		};
		D8D96EC3250A4F3200B0F26B /* DevelopmentKit */ = {
			isa = PBXGroup;
			children = (
				D8D96EC4250A4F3200B0F26B /* Core */,
				CE7BFEAB250BA473009CDCDF /* Localization */,
				CE7BFEA4250BA37B009CDCDF /* UIKit */,
			);
			path = DevelopmentKit;
			sourceTree = "<group>";
		};
		D8D96EC4250A4F3200B0F26B /* Core */ = {
			isa = PBXGroup;
			children = (
				D8D96EC5250A4F3200B0F26B /* Extension */,
				D8D96ECE250A4F3200B0F26B /* Networking */,
				D8D96EDB250A4F3200B0F26B /* Utilities */,
				D8D96EDD250A4F3200B0F26B /* Type */,
				D8D96EDF250A4F3200B0F26B /* Constant */,
			);
			path = Core;
			sourceTree = "<group>";
		};
		D8D96EC5250A4F3200B0F26B /* Extension */ = {
			isa = PBXGroup;
			children = (
				D8D96EC6250A4F3200B0F26B /* Foundation */,
			);
			path = Extension;
			sourceTree = "<group>";
		};
		D8D96EC6250A4F3200B0F26B /* Foundation */ = {
			isa = PBXGroup;
			children = (
				D8D96ECD250A4F3200B0F26B /* Data+Extension.swift */,
				D8D96ECC250A4F3200B0F26B /* Dictionary+Extension.swift */,
				D8D96EC9250A4F3200B0F26B /* Error+Extension.swift */,
				D8D96ECA250A4F3200B0F26B /* String+Extension.swift */,
				D8D96EC7250A4F3200B0F26B /* UIApplication+Extension.swift */,
				D8D96ECB250A4F3200B0F26B /* URLRequest+Extension.swift */,
				D8D96EC8250A4F3200B0F26B /* URLSessionConfiguration+Extension.swift */,
			);
			path = Foundation;
			sourceTree = "<group>";
		};
		D8D96ECE250A4F3200B0F26B /* Networking */ = {
			isa = PBXGroup;
			children = (
				D8D96ECF250A4F3200B0F26B /* APIClient.swift */,
				D8D96ED8250A4F3200B0F26B /* Model */,
				D8D96ED0250A4F3200B0F26B /* Protocol */,
				D8D96ED3250A4F3200B0F26B /* Type */,
			);
			path = Networking;
			sourceTree = "<group>";
		};
		D8D96ED0250A4F3200B0F26B /* Protocol */ = {
			isa = PBXGroup;
			children = (
				D8D21F47251225C000AA307B /* APIResponseProtocol.swift */,
				D8D96ED1250A4F3200B0F26B /* APIClientProtocol.swift */,
				D8D96ED2250A4F3200B0F26B /* FailureType.swift */,
			);
			path = Protocol;
			sourceTree = "<group>";
		};
		D8D96ED3250A4F3200B0F26B /* Type */ = {
			isa = PBXGroup;
			children = (
				D8C0C40C2513F0BB006DE4D0 /* APIOption.swift */,
				D8D21F49251225D200AA307B /* NetworkProcess.swift */,
				D8D21F4B251225D300AA307B /* ProcessMonitoring.swift */,
				D8D21F4A251225D300AA307B /* Result.swift */,
				D8D96ED4250A4F3200B0F26B /* Failure.swift */,
				D8D96ED6250A4F3200B0F26B /* FailureReason.swift */,
				D8D96ED5250A4F3200B0F26B /* HTTPMethod.swift */,
			);
			path = Type;
			sourceTree = "<group>";
		};
		D8D96ED8250A4F3200B0F26B /* Model */ = {
			isa = PBXGroup;
			children = (
				D8D96ED9250A4F3200B0F26B /* APIError.swift */,
				D8D96EDA250A4F3200B0F26B /* APIFieldError.swift */,
			);
			path = Model;
			sourceTree = "<group>";
		};
		D8D96EDB250A4F3200B0F26B /* Utilities */ = {
			isa = PBXGroup;
			children = (
				D8D21F4F251225E300AA307B /* NetworkProcessing.swift */,
				D8D96EDC250A4F3200B0F26B /* DebugLog.swift */,
			);
			path = Utilities;
			sourceTree = "<group>";
		};
		D8D96EDD250A4F3200B0F26B /* Type */ = {
			isa = PBXGroup;
			children = (
				D8D21F51251225F500AA307B /* Observable.swift */,
				D8D96EDE250A4F3200B0F26B /* Alias.swift */,
			);
			path = Type;
			sourceTree = "<group>";
		};
		D8D96EDF250A4F3200B0F26B /* Constant */ = {
			isa = PBXGroup;
			children = (
				D8D96EE0250A4F3200B0F26B /* Constant.swift */,
				D8D96EE1250A4F3200B0F26B /* Message.swift */,
				D8D96EE2250A4F3200B0F26B /* UIMessage.swift */,
				D8D96EE3250A4F3200B0F26B /* API */,
			);
			path = Constant;
			sourceTree = "<group>";
		};
		D8D96EE3250A4F3200B0F26B /* API */ = {
			isa = PBXGroup;
			children = (
				D8D96EE4250A4F3300B0F26B /* API.swift */,
			);
			path = API;
			sourceTree = "<group>";
		};
		D8D96EFB250A514F00B0F26B /* Base */ = {
			isa = PBXGroup;
			children = (
				D8D21F262512252300AA307B /* Constant */,
				D8D21F342512252400AA307B /* Extension */,
				D8D21F2A2512252400AA307B /* Model */,
				D8D21F312512252400AA307B /* Networking */,
				D8D96E90250A4A4800B0F26B /* AppDelegate.swift */,
				D8D96E92250A4A4800B0F26B /* SceneDelegate.swift */,
				D8D96EFC250A516200B0F26B /* View */,
			);
			path = Base;
			sourceTree = "<group>";
		};
		D8D96EFC250A516200B0F26B /* View */ = {
			isa = PBXGroup;
			children = (
				D8D21F442512255300AA307B /* Model */,
				D8D96F00250A522800B0F26B /* Controller */,
				D8D96EFD250A516A00B0F26B /* Storyboard */,
			);
			path = View;
			sourceTree = "<group>";
		};
		D8D96EFD250A516A00B0F26B /* Storyboard */ = {
			isa = PBXGroup;
			children = (
				D8D96EFE250A517900B0F26B /* Main.storyboard */,
				D8D96F08250A828200B0F26B /* LaunchScreen.storyboard */,
			);
			path = Storyboard;
			sourceTree = "<group>";
		};
		D8D96F00250A522800B0F26B /* Controller */ = {
			isa = PBXGroup;
			children = (
				D8D21F422512254500AA307B /* BaseViewController.swift */,
				D8D96F01250A524500B0F26B /* MainViewController.swift */,
			);
			path = Controller;
			sourceTree = "<group>";
		};
/* End PBXGroup section */

/* Begin PBXNativeTarget section */
		D8D96E8C250A4A4800B0F26B /* BetwayROW */ = {
			isa = PBXNativeTarget;
			buildConfigurationList = D8D96EB7250A4A4D00B0F26B /* Build configuration list for PBXNativeTarget "BetwayROW" */;
			buildPhases = (
				AE97BFA607C66300306BF3CC /* [CP] Check Pods Manifest.lock */,
				CE7BFE99250B8C74009CDCDF /* Swiftlint Script */,
				D8D96E89250A4A4800B0F26B /* Sources */,
				D8D96E8A250A4A4800B0F26B /* Frameworks */,
				D8D96E8B250A4A4800B0F26B /* Resources */,
			);
			buildRules = (
			);
			dependencies = (
			);
			name = BetwayROW;
			productName = BetwayROW;
			productReference = D8D96E8D250A4A4800B0F26B /* BetwayROW.app */;
			productType = "com.apple.product-type.application";
		};
		D8D96EA2250A4A4D00B0F26B /* BetwayROWTests */ = {
			isa = PBXNativeTarget;
			buildConfigurationList = D8D96EBA250A4A4D00B0F26B /* Build configuration list for PBXNativeTarget "BetwayROWTests" */;
			buildPhases = (
				6FA73B1F8342292D83F8A829 /* [CP] Check Pods Manifest.lock */,
				D8D96E9F250A4A4D00B0F26B /* Sources */,
				D8D96EA0250A4A4D00B0F26B /* Frameworks */,
				D8D96EA1250A4A4D00B0F26B /* Resources */,
			);
			buildRules = (
			);
			dependencies = (
				D8D96EA5250A4A4D00B0F26B /* PBXTargetDependency */,
			);
			name = BetwayROWTests;
			productName = BetwayROWTests;
			productReference = D8D96EA3250A4A4D00B0F26B /* BetwayROWTests.xctest */;
			productType = "com.apple.product-type.bundle.unit-test";
		};
		D8D96EAD250A4A4D00B0F26B /* BetwayROWUITests */ = {
			isa = PBXNativeTarget;
			buildConfigurationList = D8D96EBD250A4A4D00B0F26B /* Build configuration list for PBXNativeTarget "BetwayROWUITests" */;
			buildPhases = (
				13621A413B9229F57BCA94D6 /* [CP] Check Pods Manifest.lock */,
				D8D96EAA250A4A4D00B0F26B /* Sources */,
				D8D96EAB250A4A4D00B0F26B /* Frameworks */,
				D8D96EAC250A4A4D00B0F26B /* Resources */,
			);
			buildRules = (
			);
			dependencies = (
				D8D96EB0250A4A4D00B0F26B /* PBXTargetDependency */,
			);
			name = BetwayROWUITests;
			productName = BetwayROWUITests;
			productReference = D8D96EAE250A4A4D00B0F26B /* BetwayROWUITests.xctest */;
			productType = "com.apple.product-type.bundle.ui-testing";
		};
/* End PBXNativeTarget section */

/* Begin PBXProject section */
		D8D96E85250A4A4800B0F26B /* Project object */ = {
			isa = PBXProject;
			attributes = {
				LastSwiftUpdateCheck = 1160;
				LastUpgradeCheck = 1200;
				ORGANIZATIONNAME = "Paul Imisi";
				TargetAttributes = {
					D8D96E8C250A4A4800B0F26B = {
						CreatedOnToolsVersion = 11.6;
					};
					D8D96EA2250A4A4D00B0F26B = {
						CreatedOnToolsVersion = 11.6;
						TestTargetID = D8D96E8C250A4A4800B0F26B;
					};
					D8D96EAD250A4A4D00B0F26B = {
						CreatedOnToolsVersion = 11.6;
						TestTargetID = D8D96E8C250A4A4800B0F26B;
					};
				};
			};
			buildConfigurationList = D8D96E88250A4A4800B0F26B /* Build configuration list for PBXProject "BetwayROW" */;
			compatibilityVersion = "Xcode 9.3";
			developmentRegion = en;
			hasScannedForEncodings = 0;
			knownRegions = (
				en,
				Base,
			);
			mainGroup = D8D96E84250A4A4800B0F26B;
			productRefGroup = D8D96E8E250A4A4800B0F26B /* Products */;
			projectDirPath = "";
			projectRoot = "";
			targets = (
				D8D96E8C250A4A4800B0F26B /* BetwayROW */,
				D8D96EA2250A4A4D00B0F26B /* BetwayROWTests */,
				D8D96EAD250A4A4D00B0F26B /* BetwayROWUITests */,
			);
		};
/* End PBXProject section */

/* Begin PBXResourcesBuildPhase section */
		D8D96E8B250A4A4800B0F26B /* Resources */ = {
			isa = PBXResourcesBuildPhase;
			buildActionMask = 2147483647;
			files = (
				D8D96E9A250A4A4C00B0F26B /* Preview Assets.xcassets in Resources */,
				D8D96F09250A828200B0F26B /* LaunchScreen.storyboard in Resources */,
				D8D96E97250A4A4C00B0F26B /* Assets.xcassets in Resources */,
				D8D96EFF250A517900B0F26B /* Main.storyboard in Resources */,
				CE7BFEAD250BA486009CDCDF /* Localization.strings in Resources */,
			);
			runOnlyForDeploymentPostprocessing = 0;
		};
		D8D96EA1250A4A4D00B0F26B /* Resources */ = {
			isa = PBXResourcesBuildPhase;
			buildActionMask = 2147483647;
			files = (
			);
			runOnlyForDeploymentPostprocessing = 0;
		};
		D8D96EAC250A4A4D00B0F26B /* Resources */ = {
			isa = PBXResourcesBuildPhase;
			buildActionMask = 2147483647;
			files = (
			);
			runOnlyForDeploymentPostprocessing = 0;
		};
/* End PBXResourcesBuildPhase section */

/* Begin PBXShellScriptBuildPhase section */
		13621A413B9229F57BCA94D6 /* [CP] Check Pods Manifest.lock */ = {
			isa = PBXShellScriptBuildPhase;
			buildActionMask = 2147483647;
			files = (
			);
			inputFileListPaths = (
			);
			inputPaths = (
				"${PODS_PODFILE_DIR_PATH}/Podfile.lock",
				"${PODS_ROOT}/Manifest.lock",
			);
			name = "[CP] Check Pods Manifest.lock";
			outputFileListPaths = (
			);
			outputPaths = (
				"$(DERIVED_FILE_DIR)/Pods-BetwayROWUITests-checkManifestLockResult.txt",
			);
			runOnlyForDeploymentPostprocessing = 0;
			shellPath = /bin/sh;
			shellScript = "diff \"${PODS_PODFILE_DIR_PATH}/Podfile.lock\" \"${PODS_ROOT}/Manifest.lock\" > /dev/null\nif [ $? != 0 ] ; then\n    # print error to STDERR\n    echo \"error: The sandbox is not in sync with the Podfile.lock. Run 'pod install' or update your CocoaPods installation.\" >&2\n    exit 1\nfi\n# This output is used by Xcode 'outputs' to avoid re-running this script phase.\necho \"SUCCESS\" > \"${SCRIPT_OUTPUT_FILE_0}\"\n";
			showEnvVarsInLog = 0;
		};
		6FA73B1F8342292D83F8A829 /* [CP] Check Pods Manifest.lock */ = {
			isa = PBXShellScriptBuildPhase;
			buildActionMask = 2147483647;
			files = (
			);
			inputFileListPaths = (
			);
			inputPaths = (
				"${PODS_PODFILE_DIR_PATH}/Podfile.lock",
				"${PODS_ROOT}/Manifest.lock",
			);
			name = "[CP] Check Pods Manifest.lock";
			outputFileListPaths = (
			);
			outputPaths = (
				"$(DERIVED_FILE_DIR)/Pods-BetwayROWTests-checkManifestLockResult.txt",
			);
			runOnlyForDeploymentPostprocessing = 0;
			shellPath = /bin/sh;
			shellScript = "diff \"${PODS_PODFILE_DIR_PATH}/Podfile.lock\" \"${PODS_ROOT}/Manifest.lock\" > /dev/null\nif [ $? != 0 ] ; then\n    # print error to STDERR\n    echo \"error: The sandbox is not in sync with the Podfile.lock. Run 'pod install' or update your CocoaPods installation.\" >&2\n    exit 1\nfi\n# This output is used by Xcode 'outputs' to avoid re-running this script phase.\necho \"SUCCESS\" > \"${SCRIPT_OUTPUT_FILE_0}\"\n";
			showEnvVarsInLog = 0;
		};
		AE97BFA607C66300306BF3CC /* [CP] Check Pods Manifest.lock */ = {
			isa = PBXShellScriptBuildPhase;
			buildActionMask = 2147483647;
			files = (
			);
			inputFileListPaths = (
			);
			inputPaths = (
				"${PODS_PODFILE_DIR_PATH}/Podfile.lock",
				"${PODS_ROOT}/Manifest.lock",
			);
			name = "[CP] Check Pods Manifest.lock";
			outputFileListPaths = (
			);
			outputPaths = (
				"$(DERIVED_FILE_DIR)/Pods-BetwayROW-checkManifestLockResult.txt",
			);
			runOnlyForDeploymentPostprocessing = 0;
			shellPath = /bin/sh;
			shellScript = "diff \"${PODS_PODFILE_DIR_PATH}/Podfile.lock\" \"${PODS_ROOT}/Manifest.lock\" > /dev/null\nif [ $? != 0 ] ; then\n    # print error to STDERR\n    echo \"error: The sandbox is not in sync with the Podfile.lock. Run 'pod install' or update your CocoaPods installation.\" >&2\n    exit 1\nfi\n# This output is used by Xcode 'outputs' to avoid re-running this script phase.\necho \"SUCCESS\" > \"${SCRIPT_OUTPUT_FILE_0}\"\n";
			showEnvVarsInLog = 0;
		};
		CE7BFE99250B8C74009CDCDF /* Swiftlint Script */ = {
			isa = PBXShellScriptBuildPhase;
			buildActionMask = 2147483647;
			files = (
			);
			inputFileListPaths = (
			);
			inputPaths = (
			);
			name = "Swiftlint Script";
			outputFileListPaths = (
			);
			outputPaths = (
			);
			runOnlyForDeploymentPostprocessing = 0;
			shellPath = /bin/sh;
			shellScript = "\"${PODS_ROOT}/SwiftLint/swiftlint\"\n";
		};
/* End PBXShellScriptBuildPhase section */

/* Begin PBXSourcesBuildPhase section */
		D8D96E89250A4A4800B0F26B /* Sources */ = {
			isa = PBXSourcesBuildPhase;
			buildActionMask = 2147483647;
			files = (
				D8D21F4D251225D300AA307B /* Result.swift in Sources */,
				D8D21F50251225E300AA307B /* NetworkProcessing.swift in Sources */,
				D8D21F74251226FE00AA307B /* Application.swift in Sources */,
				D8D96E91250A4A4800B0F26B /* AppDelegate.swift in Sources */,
				D8D21F462512255300AA307B /* BaseViewModel.swift in Sources */,
				D8D96F02250A524500B0F26B /* MainViewController.swift in Sources */,
				D8D21F6B2512264600AA307B /* ActivityIndicatorView.swift in Sources */,
				D8D96EE9250A4F3300B0F26B /* URLRequest+Extension.swift in Sources */,
				CE7BFEA8250BA3B8009CDCDF /* Colour.swift in Sources */,
				D8D96EEF250A4F3300B0F26B /* Failure.swift in Sources */,
				D8D21F3C2512252400AA307B /* Request.swift in Sources */,
				D8D21F4C251225D300AA307B /* NetworkProcess.swift in Sources */,
				D8BD726B2514898300F837B0 /* UIColor+Extension.swift in Sources */,
				D8D21F3B2512252400AA307B /* Variables.swift in Sources */,
				D8D96EE8250A4F3300B0F26B /* String+Extension.swift in Sources */,
				D8D21F382512252400AA307B /* ApplicationConstant.swift in Sources */,
				D8C0C40D2513F0BB006DE4D0 /* APIOption.swift in Sources */,
				D8D21F392512252400AA307B /* Navigation.swift in Sources */,
				D8D96E93250A4A4800B0F26B /* SceneDelegate.swift in Sources */,
				D8D21F362512252400AA307B /* ConfigurationConstant.swift in Sources */,
				D8D21F52251225F500AA307B /* Observable.swift in Sources */,
				D8D21F3E2512252400AA307B /* SiteMap.swift in Sources */,
				D8A0D4C72514B46E008ACBE9 /* UILabel+Extension.swift in Sources */,
				D8D21F662512264500AA307B /* ErrorCoordinator.swift in Sources */,
				D8D21F3F2512252400AA307B /* SiteMapClient.swift in Sources */,
				D8D21F6E2512264600AA307B /* UIAlertController+Extension.swift in Sources */,
				D8D96EF9250A4F3300B0F26B /* UIMessage.swift in Sources */,
				D85AC4CD2512354C0086D478 /* Constraint+Overload.swift in Sources */,
				D8A0D4E025187F57008ACBE9 /* AlertController.swift in Sources */,
				D8D96EE6250A4F3300B0F26B /* URLSessionConfiguration+Extension.swift in Sources */,
				D8D21F87251232DC00AA307B /* Image.swift in Sources */,
				D8D21F402512252400AA307B /* ConfigurationClient.swift in Sources */,
				D8D21F6D2512264600AA307B /* BaseView.swift in Sources */,
				D8D96EED250A4F3300B0F26B /* APIClientProtocol.swift in Sources */,
				D8A0C036251386DA00227E74 /* UIViewController+Extension.swift in Sources */,
				D8D96EEE250A4F3300B0F26B /* FailureType.swift in Sources */,
				D8A0D5052518CF34008ACBE9 /* CGFloat+Extension.swift in Sources */,
				D8D21F3D2512252400AA307B /* Configuration.swift in Sources */,
				CE5B4CE2250F911500E7C0B4 /* LoginViewController.swift in Sources */,
				D8D21F48251225C000AA307B /* APIResponseProtocol.swift in Sources */,
				D8A0D4F52518A890008ACBE9 /* UIImage+Extension.swift in Sources */,
				D8D21F85251231BD00AA307B /* AuthenticationConstant.swift in Sources */,
				D8A0D4BF2514947F008ACBE9 /* UIStackView+Extension.swift in Sources */,
				D8D21F3A2512252400AA307B /* MobileApplication.swift in Sources */,
				D8D21F6C2512264600AA307B /* Button.swift in Sources */,
				D8D96EF0250A4F3300B0F26B /* HTTPMethod.swift in Sources */,
				D8D96EEC250A4F3300B0F26B /* APIClient.swift in Sources */,
				D8D96EF5250A4F3300B0F26B /* DebugLog.swift in Sources */,
				D8D96EEA250A4F3300B0F26B /* Dictionary+Extension.swift in Sources */,
				D8D96EE5250A4F3300B0F26B /* UIApplication+Extension.swift in Sources */,
				D8D21F822512309F00AA307B /* StringsFile.swift in Sources */,
				D8D96EF6250A4F3300B0F26B /* Alias.swift in Sources */,
				D8D96EEB250A4F3300B0F26B /* Data+Extension.swift in Sources */,
				D8D21F712512264600AA307B /* NetworkActivity.swift in Sources */,
				D85AC4D425125D190086D478 /* TextFieldType.swift in Sources */,
				D8D21F672512264500AA307B /* Defaults.swift in Sources */,
				D8D21F702512264600AA307B /* NSLayoutConstraint+Extension.swift in Sources */,
				D8D21F6F2512264600AA307B /* UIView+Extension.swift in Sources */,
				D85AC4CF25124C830086D478 /* LoginFormView.swift in Sources */,
				D8D21F372512252400AA307B /* GamingSystemsConstant.swift in Sources */,
				D8A0D4E525187F7D008ACBE9 /* AlertView.swift in Sources */,
				D8D21F692512264600AA307B /* TextField.swift in Sources */,
				CE7BFEB1250BA80E009CDCDF /* Localizable.swift in Sources */,
				D8D96EE7250A4F3300B0F26B /* Error+Extension.swift in Sources */,
				D8A0D4DA2514E66C008ACBE9 /* UITextField+Extension.swift in Sources */,
				D8D96EF8250A4F3300B0F26B /* Message.swift in Sources */,
				D8D96EFA250A4F3300B0F26B /* API.swift in Sources */,
				D8D96EF1250A4F3300B0F26B /* FailureReason.swift in Sources */,
				D8A0D4EA25187FDF008ACBE9 /* AlertAction.swift in Sources */,
				D8C0C4282513F271006DE4D0 /* File.swift in Sources */,
				D8D96EF7250A4F3300B0F26B /* Constant.swift in Sources */,
				D8D21F412512252400AA307B /* Application+Extension.swift in Sources */,
				D8D96EF4250A4F3300B0F26B /* APIFieldError.swift in Sources */,
				D8D21F4E251225D300AA307B /* ProcessMonitoring.swift in Sources */,
				D8D21F432512254500AA307B /* BaseViewController.swift in Sources */,
				CE661F29251212730019C7FA /* LoginHeaderView.swift in Sources */,
				D8D21F722512264600AA307B /* NetworkActivityAware.swift in Sources */,
				CE5C03392510BA830014F0FF /* Layout.swift in Sources */,
				D8D96EF3250A4F3300B0F26B /* APIError.swift in Sources */,
			);
			runOnlyForDeploymentPostprocessing = 0;
		};
		D8D96E9F250A4A4D00B0F26B /* Sources */ = {
			isa = PBXSourcesBuildPhase;
			buildActionMask = 2147483647;
			files = (
				D8D96EA8250A4A4D00B0F26B /* BetwayROWTests.swift in Sources */,
			);
			runOnlyForDeploymentPostprocessing = 0;
		};
		D8D96EAA250A4A4D00B0F26B /* Sources */ = {
			isa = PBXSourcesBuildPhase;
			buildActionMask = 2147483647;
			files = (
				D8D96EB3250A4A4D00B0F26B /* BetwayROWUITests.swift in Sources */,
			);
			runOnlyForDeploymentPostprocessing = 0;
		};
/* End PBXSourcesBuildPhase section */

/* Begin PBXTargetDependency section */
		D8D96EA5250A4A4D00B0F26B /* PBXTargetDependency */ = {
			isa = PBXTargetDependency;
			target = D8D96E8C250A4A4800B0F26B /* BetwayROW */;
			targetProxy = D8D96EA4250A4A4D00B0F26B /* PBXContainerItemProxy */;
		};
		D8D96EB0250A4A4D00B0F26B /* PBXTargetDependency */ = {
			isa = PBXTargetDependency;
			target = D8D96E8C250A4A4800B0F26B /* BetwayROW */;
			targetProxy = D8D96EAF250A4A4D00B0F26B /* PBXContainerItemProxy */;
		};
/* End PBXTargetDependency section */

/* Begin XCBuildConfiguration section */
		D8D96EB5250A4A4D00B0F26B /* Debug */ = {
			isa = XCBuildConfiguration;
			buildSettings = {
				ALWAYS_SEARCH_USER_PATHS = NO;
				CLANG_ANALYZER_NONNULL = YES;
				CLANG_ANALYZER_NUMBER_OBJECT_CONVERSION = YES_AGGRESSIVE;
				CLANG_CXX_LANGUAGE_STANDARD = "gnu++14";
				CLANG_CXX_LIBRARY = "libc++";
				CLANG_ENABLE_MODULES = YES;
				CLANG_ENABLE_OBJC_ARC = YES;
				CLANG_ENABLE_OBJC_WEAK = YES;
				CLANG_WARN_BLOCK_CAPTURE_AUTORELEASING = YES;
				CLANG_WARN_BOOL_CONVERSION = YES;
				CLANG_WARN_COMMA = YES;
				CLANG_WARN_CONSTANT_CONVERSION = YES;
				CLANG_WARN_DEPRECATED_OBJC_IMPLEMENTATIONS = YES;
				CLANG_WARN_DIRECT_OBJC_ISA_USAGE = YES_ERROR;
				CLANG_WARN_DOCUMENTATION_COMMENTS = YES;
				CLANG_WARN_EMPTY_BODY = YES;
				CLANG_WARN_ENUM_CONVERSION = YES;
				CLANG_WARN_INFINITE_RECURSION = YES;
				CLANG_WARN_INT_CONVERSION = YES;
				CLANG_WARN_NON_LITERAL_NULL_CONVERSION = YES;
				CLANG_WARN_OBJC_IMPLICIT_RETAIN_SELF = YES;
				CLANG_WARN_OBJC_LITERAL_CONVERSION = YES;
				CLANG_WARN_OBJC_ROOT_CLASS = YES_ERROR;
				CLANG_WARN_QUOTED_INCLUDE_IN_FRAMEWORK_HEADER = YES;
				CLANG_WARN_RANGE_LOOP_ANALYSIS = YES;
				CLANG_WARN_STRICT_PROTOTYPES = YES;
				CLANG_WARN_SUSPICIOUS_MOVE = YES;
				CLANG_WARN_UNGUARDED_AVAILABILITY = YES_AGGRESSIVE;
				CLANG_WARN_UNREACHABLE_CODE = YES;
				CLANG_WARN__DUPLICATE_METHOD_MATCH = YES;
				COPY_PHASE_STRIP = NO;
				DEBUG_INFORMATION_FORMAT = dwarf;
				ENABLE_STRICT_OBJC_MSGSEND = YES;
				ENABLE_TESTABILITY = YES;
				GCC_C_LANGUAGE_STANDARD = gnu11;
				GCC_DYNAMIC_NO_PIC = NO;
				GCC_NO_COMMON_BLOCKS = YES;
				GCC_OPTIMIZATION_LEVEL = 0;
				GCC_PREPROCESSOR_DEFINITIONS = (
					"DEBUG=1",
					"$(inherited)",
				);
				GCC_WARN_64_TO_32_BIT_CONVERSION = YES;
				GCC_WARN_ABOUT_RETURN_TYPE = YES_ERROR;
				GCC_WARN_UNDECLARED_SELECTOR = YES;
				GCC_WARN_UNINITIALIZED_AUTOS = YES_AGGRESSIVE;
				GCC_WARN_UNUSED_FUNCTION = YES;
				GCC_WARN_UNUSED_VARIABLE = YES;
				IPHONEOS_DEPLOYMENT_TARGET = 13.6;
				MTL_ENABLE_DEBUG_INFO = INCLUDE_SOURCE;
				MTL_FAST_MATH = YES;
				ONLY_ACTIVE_ARCH = YES;
				SDKROOT = iphoneos;
				SWIFT_ACTIVE_COMPILATION_CONDITIONS = DEBUG;
				SWIFT_OPTIMIZATION_LEVEL = "-Onone";
			};
			name = Debug;
		};
		D8D96EB6250A4A4D00B0F26B /* Release */ = {
			isa = XCBuildConfiguration;
			buildSettings = {
				ALWAYS_SEARCH_USER_PATHS = NO;
				CLANG_ANALYZER_NONNULL = YES;
				CLANG_ANALYZER_NUMBER_OBJECT_CONVERSION = YES_AGGRESSIVE;
				CLANG_CXX_LANGUAGE_STANDARD = "gnu++14";
				CLANG_CXX_LIBRARY = "libc++";
				CLANG_ENABLE_MODULES = YES;
				CLANG_ENABLE_OBJC_ARC = YES;
				CLANG_ENABLE_OBJC_WEAK = YES;
				CLANG_WARN_BLOCK_CAPTURE_AUTORELEASING = YES;
				CLANG_WARN_BOOL_CONVERSION = YES;
				CLANG_WARN_COMMA = YES;
				CLANG_WARN_CONSTANT_CONVERSION = YES;
				CLANG_WARN_DEPRECATED_OBJC_IMPLEMENTATIONS = YES;
				CLANG_WARN_DIRECT_OBJC_ISA_USAGE = YES_ERROR;
				CLANG_WARN_DOCUMENTATION_COMMENTS = YES;
				CLANG_WARN_EMPTY_BODY = YES;
				CLANG_WARN_ENUM_CONVERSION = YES;
				CLANG_WARN_INFINITE_RECURSION = YES;
				CLANG_WARN_INT_CONVERSION = YES;
				CLANG_WARN_NON_LITERAL_NULL_CONVERSION = YES;
				CLANG_WARN_OBJC_IMPLICIT_RETAIN_SELF = YES;
				CLANG_WARN_OBJC_LITERAL_CONVERSION = YES;
				CLANG_WARN_OBJC_ROOT_CLASS = YES_ERROR;
				CLANG_WARN_QUOTED_INCLUDE_IN_FRAMEWORK_HEADER = YES;
				CLANG_WARN_RANGE_LOOP_ANALYSIS = YES;
				CLANG_WARN_STRICT_PROTOTYPES = YES;
				CLANG_WARN_SUSPICIOUS_MOVE = YES;
				CLANG_WARN_UNGUARDED_AVAILABILITY = YES_AGGRESSIVE;
				CLANG_WARN_UNREACHABLE_CODE = YES;
				CLANG_WARN__DUPLICATE_METHOD_MATCH = YES;
				COPY_PHASE_STRIP = NO;
				DEBUG_INFORMATION_FORMAT = "dwarf-with-dsym";
				ENABLE_NS_ASSERTIONS = NO;
				ENABLE_STRICT_OBJC_MSGSEND = YES;
				GCC_C_LANGUAGE_STANDARD = gnu11;
				GCC_NO_COMMON_BLOCKS = YES;
				GCC_WARN_64_TO_32_BIT_CONVERSION = YES;
				GCC_WARN_ABOUT_RETURN_TYPE = YES_ERROR;
				GCC_WARN_UNDECLARED_SELECTOR = YES;
				GCC_WARN_UNINITIALIZED_AUTOS = YES_AGGRESSIVE;
				GCC_WARN_UNUSED_FUNCTION = YES;
				GCC_WARN_UNUSED_VARIABLE = YES;
				IPHONEOS_DEPLOYMENT_TARGET = 13.6;
				MTL_ENABLE_DEBUG_INFO = NO;
				MTL_FAST_MATH = YES;
				SDKROOT = iphoneos;
				SWIFT_COMPILATION_MODE = wholemodule;
				SWIFT_OPTIMIZATION_LEVEL = "-O";
				VALIDATE_PRODUCT = YES;
			};
			name = Release;
		};
		D8D96EB8250A4A4D00B0F26B /* Debug */ = {
			isa = XCBuildConfiguration;
			baseConfigurationReference = 9A1500DBC99F75CCA021A225 /* Pods-BetwayROW.debug.xcconfig */;
			buildSettings = {
				ASSETCATALOG_COMPILER_APPICON_NAME = AppIcon;
				CODE_SIGN_STYLE = Automatic;
				DEVELOPMENT_ASSET_PATHS = "\"BetwayROW/Preview Content\"";
				ENABLE_PREVIEWS = YES;
				INFOPLIST_FILE = BetwayROW/Info.plist;
				LD_RUNPATH_SEARCH_PATHS = (
					"$(inherited)",
					"@executable_path/Frameworks",
				);
				PRODUCT_BUNDLE_IDENTIFIER = com.betway.BetwayROW;
				PRODUCT_NAME = "$(TARGET_NAME)";
				SWIFT_VERSION = 5.0;
				TARGETED_DEVICE_FAMILY = "1,2";
			};
			name = Debug;
		};
		D8D96EB9250A4A4D00B0F26B /* Release */ = {
			isa = XCBuildConfiguration;
			baseConfigurationReference = 72995B6E967E6692B8D309BA /* Pods-BetwayROW.release.xcconfig */;
			buildSettings = {
				ASSETCATALOG_COMPILER_APPICON_NAME = AppIcon;
				CODE_SIGN_STYLE = Automatic;
				DEVELOPMENT_ASSET_PATHS = "\"BetwayROW/Preview Content\"";
				ENABLE_PREVIEWS = YES;
				INFOPLIST_FILE = BetwayROW/Info.plist;
				LD_RUNPATH_SEARCH_PATHS = (
					"$(inherited)",
					"@executable_path/Frameworks",
				);
				PRODUCT_BUNDLE_IDENTIFIER = com.betway.BetwayROW;
				PRODUCT_NAME = "$(TARGET_NAME)";
				SWIFT_VERSION = 5.0;
				TARGETED_DEVICE_FAMILY = "1,2";
			};
			name = Release;
		};
		D8D96EBB250A4A4D00B0F26B /* Debug */ = {
			isa = XCBuildConfiguration;
			baseConfigurationReference = ED15D35005A3D902F8FAADD4 /* Pods-BetwayROWTests.debug.xcconfig */;
			buildSettings = {
				ALWAYS_EMBED_SWIFT_STANDARD_LIBRARIES = YES;
				BUNDLE_LOADER = "$(TEST_HOST)";
				CODE_SIGN_STYLE = Automatic;
				INFOPLIST_FILE = BetwayROWTests/Info.plist;
				IPHONEOS_DEPLOYMENT_TARGET = 13.6;
				LD_RUNPATH_SEARCH_PATHS = (
					"$(inherited)",
					"@executable_path/Frameworks",
					"@loader_path/Frameworks",
				);
				PRODUCT_BUNDLE_IDENTIFIER = com.betway.BetwayROWTests;
				PRODUCT_NAME = "$(TARGET_NAME)";
				SWIFT_VERSION = 5.0;
				TARGETED_DEVICE_FAMILY = "1,2";
				TEST_HOST = "$(BUILT_PRODUCTS_DIR)/BetwayROW.app/BetwayROW";
			};
			name = Debug;
		};
		D8D96EBC250A4A4D00B0F26B /* Release */ = {
			isa = XCBuildConfiguration;
			baseConfigurationReference = 987D3A62E2C2B53004FAE6F2 /* Pods-BetwayROWTests.release.xcconfig */;
			buildSettings = {
				ALWAYS_EMBED_SWIFT_STANDARD_LIBRARIES = YES;
				BUNDLE_LOADER = "$(TEST_HOST)";
				CODE_SIGN_STYLE = Automatic;
				INFOPLIST_FILE = BetwayROWTests/Info.plist;
				IPHONEOS_DEPLOYMENT_TARGET = 13.6;
				LD_RUNPATH_SEARCH_PATHS = (
					"$(inherited)",
					"@executable_path/Frameworks",
					"@loader_path/Frameworks",
				);
				PRODUCT_BUNDLE_IDENTIFIER = com.betway.BetwayROWTests;
				PRODUCT_NAME = "$(TARGET_NAME)";
				SWIFT_VERSION = 5.0;
				TARGETED_DEVICE_FAMILY = "1,2";
				TEST_HOST = "$(BUILT_PRODUCTS_DIR)/BetwayROW.app/BetwayROW";
			};
			name = Release;
		};
		D8D96EBE250A4A4D00B0F26B /* Debug */ = {
			isa = XCBuildConfiguration;
			baseConfigurationReference = 8D5E14B29DC287A373B62E02 /* Pods-BetwayROWUITests.debug.xcconfig */;
			buildSettings = {
				ALWAYS_EMBED_SWIFT_STANDARD_LIBRARIES = YES;
				CODE_SIGN_STYLE = Automatic;
				INFOPLIST_FILE = BetwayROWUITests/Info.plist;
				LD_RUNPATH_SEARCH_PATHS = (
					"$(inherited)",
					"@executable_path/Frameworks",
					"@loader_path/Frameworks",
				);
				PRODUCT_BUNDLE_IDENTIFIER = com.betway.BetwayROWUITests;
				PRODUCT_NAME = "$(TARGET_NAME)";
				SWIFT_VERSION = 5.0;
				TARGETED_DEVICE_FAMILY = "1,2";
				TEST_TARGET_NAME = BetwayROW;
			};
			name = Debug;
		};
		D8D96EBF250A4A4D00B0F26B /* Release */ = {
			isa = XCBuildConfiguration;
			baseConfigurationReference = ED3EFE6AEBF2F95DD3597A67 /* Pods-BetwayROWUITests.release.xcconfig */;
			buildSettings = {
				ALWAYS_EMBED_SWIFT_STANDARD_LIBRARIES = YES;
				CODE_SIGN_STYLE = Automatic;
				INFOPLIST_FILE = BetwayROWUITests/Info.plist;
				LD_RUNPATH_SEARCH_PATHS = (
					"$(inherited)",
					"@executable_path/Frameworks",
					"@loader_path/Frameworks",
				);
				PRODUCT_BUNDLE_IDENTIFIER = com.betway.BetwayROWUITests;
				PRODUCT_NAME = "$(TARGET_NAME)";
				SWIFT_VERSION = 5.0;
				TARGETED_DEVICE_FAMILY = "1,2";
				TEST_TARGET_NAME = BetwayROW;
			};
			name = Release;
		};
/* End XCBuildConfiguration section */

/* Begin XCConfigurationList section */
		D8D96E88250A4A4800B0F26B /* Build configuration list for PBXProject "BetwayROW" */ = {
			isa = XCConfigurationList;
			buildConfigurations = (
				D8D96EB5250A4A4D00B0F26B /* Debug */,
				D8D96EB6250A4A4D00B0F26B /* Release */,
			);
			defaultConfigurationIsVisible = 0;
			defaultConfigurationName = Release;
		};
		D8D96EB7250A4A4D00B0F26B /* Build configuration list for PBXNativeTarget "BetwayROW" */ = {
			isa = XCConfigurationList;
			buildConfigurations = (
				D8D96EB8250A4A4D00B0F26B /* Debug */,
				D8D96EB9250A4A4D00B0F26B /* Release */,
			);
			defaultConfigurationIsVisible = 0;
			defaultConfigurationName = Release;
		};
		D8D96EBA250A4A4D00B0F26B /* Build configuration list for PBXNativeTarget "BetwayROWTests" */ = {
			isa = XCConfigurationList;
			buildConfigurations = (
				D8D96EBB250A4A4D00B0F26B /* Debug */,
				D8D96EBC250A4A4D00B0F26B /* Release */,
			);
			defaultConfigurationIsVisible = 0;
			defaultConfigurationName = Release;
		};
		D8D96EBD250A4A4D00B0F26B /* Build configuration list for PBXNativeTarget "BetwayROWUITests" */ = {
			isa = XCConfigurationList;
			buildConfigurations = (
				D8D96EBE250A4A4D00B0F26B /* Debug */,
				D8D96EBF250A4A4D00B0F26B /* Release */,
			);
			defaultConfigurationIsVisible = 0;
			defaultConfigurationName = Release;
		};
/* End XCConfigurationList section */
	};
	rootObject = D8D96E85250A4A4800B0F26B /* Project object */;
}
